# THIS IS AN AUTOGENERATED FILE. DO NOT EDIT THIS FILE DIRECTLY.
# yarn lockfile v1


"@bobliao/use-jquery-hook@^0.1.5":
  version "0.1.5"
  resolved "https://registry.yarnpkg.com/@bobliao/use-jquery-hook/-/use-jquery-hook-0.1.5.tgz#e05f89b88e48849a79f907c5f224c6dec5259140"
  integrity sha512-rYrBwLV/5It1W4SvsxKtvHR/nWQNOIvL6Ci5zR7HqRF2VXebnc02b7orQrduxS8J8AuFb1kt4pUCgWsvhCyqWA==
  dependencies:
    jquery "^3.6.0"

jquery@^3.6.0:
  version "3.6.0"
  resolved "https://registry.yarnpkg.com/jquery/-/jquery-3.6.0.tgz#c72a09f15c1bdce142f49dbf1170bdf8adac2470"
  integrity sha512-JVzAR/AjBvVt2BmYhxRCSYysDsPcssdmTFnzyLEts9qNwmjmu4JTAMYubEfwVOSwpQ1I1sKKFcxhZCI2buerfw==
